{
  "name": "nodebb-plugin-cloudstorage",
  "version": "1.0.0",
  "lockfileVersion": 1,
  "requires": true,
  "dependencies": {
    "cloudinary": {
      "version": "1.14.0",
      "resolved": "https://registry.npmjs.org/cloudinary/-/cloudinary-1.14.0.tgz",
      "integrity": "sha512-auJY4aD1UGnQTD2iy6kuTA+FJsqyrr9svG12WYSPAO6oRGRf+16UFDDBNuRMm37wj8Tyn8LyiED0b+Jha36ORA==",
      "requires": {
        "lodash": "^4.17.11",
        "q": "^1.5.1"
      }
    },
    "debug": {
      "version": "4.1.1",
      "resolved": "https://registry.npmjs.org/debug/-/debug-4.1.1.tgz",
      "integrity": "sha512-pYAIzeRo8J6KPEaJ0VWOh5Pzkbw/RetuzehGM7QRRX5he4fPHx2rdKMB256ehJCkX+XRQm16eZLqLNS8RSZXZw==",
      "requires": {
        "ms": "^2.1.1"
      }
    },
    "lodash": {
      "version": "4.17.15",
      "resolved": "https://registry.npmjs.org/lodash/-/lodash-4.17.15.tgz",
      "integrity": "sha512-8xOcRHvCjnocdS5cpwXQXVzmmh5e5+saE2QGoeQmbKmRS6J3VQppPOIt0MnmE+4xlZoumy0GPG0D0MVIQbNA1A=="
    },
    "ms": {
      "version": "2.1.2",
      "resolved": "https://registry.npmjs.org/ms/-/ms-2.1.2.tgz",
      "integrity": "sha512-sGkPx+VjMtmA6MX27oA4FBFELFCZZ4S4XqeGOXCv68tT+jb3vk/RyaKWP0PTKyWtmLSM0b+adUTEvbs1PEaH2w=="
    },
    "nodebb-theme-persona": {
      "version": "10.1.12",
      "resolved": "https://registry.npmjs.org/nodebb-theme-persona/-/nodebb-theme-persona-10.1.12.tgz",
      "integrity": "sha512-bX2kgT9zUfRbEtK5lbaPnQX3EtpnMFPGlw4aYNcrHr7bfEI/sYhb1dQnO16zfVEPlzLO3d8e7aVJfA7c5HLzsg==",
      "requires": {
        "pulling": "^2.0.0",
        "striptags": "^3.1.1"
      }
    },
    "pulling": {
      "version": "2.0.0",
      "resolved": "https://registry.npmjs.org/pulling/-/pulling-2.0.0.tgz",
      "integrity": "sha512-FTbrWBDFPZBP75bbeB3+5gXBFO3SCp+LKcUS7wE9Nn3x/RZoIjYzgH5RXT1vSBuyW+5sdguXqBsQjQeRYIKn1A=="
    },
    "q": {
      "version": "1.5.1",
      "resolved": "https://registry.npmjs.org/q/-/q-1.5.1.tgz",
      "integrity": "sha1-fjL3W0E4EpHQRhHxvxQQmsAGUdc="
    },
    "striptags": {
      "version": "3.1.1",
      "resolved": "https://registry.npmjs.org/striptags/-/striptags-3.1.1.tgz",
      "integrity": "sha1-yMPn/db7S7OjKjt1LltePjgJPr0="
    }
  }
}
